
Microsoft Visual Studio Solution File, Format Version 12.00
# Visual Studio Version 17
VisualStudioVersion = 17.7.34202.233
MinimumVisualStudioVersion = 10.0.40219.1
Project("{8BC9CEB8-8B4A-11D0-8D11-00A0C91BC942}") = "Rabin-Karp Algorithm", "Rabin-Karp Algorithm\Rabin-Karp Algorithm.vcxproj", "{64BA9C08-0065-4973-9617-5B0589A69C98}"
EndProject
Global
	GlobalSection(SolutionConfigurationPlatforms) = preSolution
		Debug|x64 = Debug|x64
		Debug|x86 = Debug|x86
		Release|x64 = Release|x64
		Release|x86 = Release|x86
	EndGlobalSection
	GlobalSection(ProjectConfigurationPlatforms) = postSolution
		{64BA9C08-0065-4973-9617-5B0589A69C98}.Debug|x64.ActiveCfg = Debug|x64
		{64BA9C08-0065-4973-9617-5B0589A69C98}.Debug|x64.Build.0 = Debug|x64
		{64BA9C08-0065-4973-9617-5B0589A69C98}.Debug|x86.ActiveCfg = Debug|Win32
		{64BA9C08-0065-4973-9617-5B0589A69C98}.Debug|x86.Build.0 = Debug|Win32
		{64BA9C08-0065-4973-9617-5B0589A69C98}.Release|x64.ActiveCfg = Release|x64
		{64BA9C08-0065-4973-9617-5B0589A69C98}.Release|x64.Build.0 = Release|x64
		{64BA9C08-0065-4973-9617-5B0589A69C98}.Release|x86.ActiveCfg = Release|Win32
		{64BA9C08-0065-4973-9617-5B0589A69C98}.Release|x86.Build.0 = Release|Win32
	EndGlobalSection
	GlobalSection(SolutionProperties) = preSolution
		HideSolutionNode = FALSE
	EndGlobalSection
	GlobalSection(ExtensibilityGlobals) = postSolution
		SolutionGuid = {7E64C9EF-AA4C-47AF-8226-644A6FD912E1}
	EndGlobalSection
EndGlobal
