
Microsoft Visual Studio Solution File, Format Version 12.00
# Visual Studio Version 17
VisualStudioVersion = 17.7.34202.233
MinimumVisualStudioVersion = 10.0.40219.1
Project("{8BC9CEB8-8B4A-11D0-8D11-00A0C91BC942}") = "Tree_Project1", "Tree_Project1\Tree_Project1.vcxproj", "{BA35102F-F93F-41ED-9F78-B25C230EA396}"
EndProject
Global
	GlobalSection(SolutionConfigurationPlatforms) = preSolution
		Debug|x64 = Debug|x64
		Debug|x86 = Debug|x86
		Release|x64 = Release|x64
		Release|x86 = Release|x86
	EndGlobalSection
	GlobalSection(ProjectConfigurationPlatforms) = postSolution
		{BA35102F-F93F-41ED-9F78-B25C230EA396}.Debug|x64.ActiveCfg = Debug|x64
		{BA35102F-F93F-41ED-9F78-B25C230EA396}.Debug|x64.Build.0 = Debug|x64
		{BA35102F-F93F-41ED-9F78-B25C230EA396}.Debug|x86.ActiveCfg = Debug|Win32
		{BA35102F-F93F-41ED-9F78-B25C230EA396}.Debug|x86.Build.0 = Debug|Win32
		{BA35102F-F93F-41ED-9F78-B25C230EA396}.Release|x64.ActiveCfg = Release|x64
		{BA35102F-F93F-41ED-9F78-B25C230EA396}.Release|x64.Build.0 = Release|x64
		{BA35102F-F93F-41ED-9F78-B25C230EA396}.Release|x86.ActiveCfg = Release|Win32
		{BA35102F-F93F-41ED-9F78-B25C230EA396}.Release|x86.Build.0 = Release|Win32
	EndGlobalSection
	GlobalSection(SolutionProperties) = preSolution
		HideSolutionNode = FALSE
	EndGlobalSection
	GlobalSection(ExtensibilityGlobals) = postSolution
		SolutionGuid = {1DA7916D-B77C-4CB8-BCF7-194139060C68}
	EndGlobalSection
EndGlobal
